
Microsoft Visual Studio Solution File, Format Version 12.00
# Visual Studio Version 17
VisualStudioVersion = 17.10.35201.131
MinimumVisualStudioVersion = 10.0.40219.1
Project("{6EC3EE1D-3C4E-46DD-8F32-0CC8E7565705}") = "Node", "node\Node.fsproj", "{F47D6C61-4DFC-4658-930F-AA10D5994653}"
EndProject
Project("{6EC3EE1D-3C4E-46DD-8F32-0CC8E7565705}") = "SCM", "scm\SCM.fsproj", "{C1481CAB-1ADD-4DD0-B11F-7064AD373ED0}"
EndProject
Project("{6EC3EE1D-3C4E-46DD-8F32-0CC8E7565705}") = "Google.Timeline", "targets\human-positioning\observables\google-timeline\fsharp\Google.Timeline.fsproj", "{17634E8E-B4C7-476F-82CE-D77EF2F551E7}"
EndProject
Project("{2150E333-8FDC-42A3-9474-1A3956D46DE8}") = "human-positioning", "human-positioning", "{1D9CB475-F367-4A0B-8A86-0F2E14A557A4}"
EndProject
Project("{6EC3EE1D-3C4E-46DD-8F32-0CC8E7565705}") = "HumanPositioning.WalkOnly", "targets\human-positioning\models\1-walking-only\HumanPositioning.WalkOnly.fsproj", "{EC309F82-87DC-4398-871D-E5562D6EAC59}"
EndProject
Global
	GlobalSection(SolutionConfigurationPlatforms) = preSolution
		Debug|Any CPU = Debug|Any CPU
		Release|Any CPU = Release|Any CPU
	EndGlobalSection
	GlobalSection(ProjectConfigurationPlatforms) = postSolution
		{F47D6C61-4DFC-4658-930F-AA10D5994653}.Debug|Any CPU.ActiveCfg = Debug|Any CPU
		{F47D6C61-4DFC-4658-930F-AA10D5994653}.Debug|Any CPU.Build.0 = Debug|Any CPU
		{F47D6C61-4DFC-4658-930F-AA10D5994653}.Release|Any CPU.ActiveCfg = Release|Any CPU
		{F47D6C61-4DFC-4658-930F-AA10D5994653}.Release|Any CPU.Build.0 = Release|Any CPU
		{C1481CAB-1ADD-4DD0-B11F-7064AD373ED0}.Debug|Any CPU.ActiveCfg = Debug|Any CPU
		{C1481CAB-1ADD-4DD0-B11F-7064AD373ED0}.Debug|Any CPU.Build.0 = Debug|Any CPU
		{C1481CAB-1ADD-4DD0-B11F-7064AD373ED0}.Release|Any CPU.ActiveCfg = Release|Any CPU
		{C1481CAB-1ADD-4DD0-B11F-7064AD373ED0}.Release|Any CPU.Build.0 = Release|Any CPU
		{17634E8E-B4C7-476F-82CE-D77EF2F551E7}.Debug|Any CPU.ActiveCfg = Debug|Any CPU
		{17634E8E-B4C7-476F-82CE-D77EF2F551E7}.Debug|Any CPU.Build.0 = Debug|Any CPU
		{17634E8E-B4C7-476F-82CE-D77EF2F551E7}.Release|Any CPU.ActiveCfg = Release|Any CPU
		{17634E8E-B4C7-476F-82CE-D77EF2F551E7}.Release|Any CPU.Build.0 = Release|Any CPU
		{EC309F82-87DC-4398-871D-E5562D6EAC59}.Debug|Any CPU.ActiveCfg = Debug|Any CPU
		{EC309F82-87DC-4398-871D-E5562D6EAC59}.Debug|Any CPU.Build.0 = Debug|Any CPU
		{EC309F82-87DC-4398-871D-E5562D6EAC59}.Release|Any CPU.ActiveCfg = Release|Any CPU
		{EC309F82-87DC-4398-871D-E5562D6EAC59}.Release|Any CPU.Build.0 = Release|Any CPU
	EndGlobalSection
	GlobalSection(SolutionProperties) = preSolution
		HideSolutionNode = FALSE
	EndGlobalSection
	GlobalSection(NestedProjects) = preSolution
		{17634E8E-B4C7-476F-82CE-D77EF2F551E7} = {1D9CB475-F367-4A0B-8A86-0F2E14A557A4}
		{EC309F82-87DC-4398-871D-E5562D6EAC59} = {1D9CB475-F367-4A0B-8A86-0F2E14A557A4}
	EndGlobalSection
	GlobalSection(ExtensibilityGlobals) = postSolution
		SolutionGuid = {223D27B1-C805-4BD1-91FE-FD4ACE66FF11}
	EndGlobalSection
EndGlobal
